
Microsoft Visual Studio Solution File, Format Version 12.00
# Visual Studio 15
VisualStudioVersion = 15.0.28307.1022
MinimumVisualStudioVersion = 10.0.40219.1
Project("{FAE04EC0-301F-11D3-BF4B-00C04F79EFBC}") = "MyDockerWebApi", "MyDockerWebApi\MyDockerWebApi.csproj", "{470931A2-D411-4D2D-9165-2A802AD88500}"
EndProject
Global
	GlobalSection(SolutionConfigurationPlatforms) = preSolution
		Debug|Any CPU = Debug|Any CPU
		Release|Any CPU = Release|Any CPU
	EndGlobalSection
	GlobalSection(ProjectConfigurationPlatforms) = postSolution
		{470931A2-D411-4D2D-9165-2A802AD88500}.Debug|Any CPU.ActiveCfg = Debug|Any CPU
		{470931A2-D411-4D2D-9165-2A802AD88500}.Debug|Any CPU.Build.0 = Debug|Any CPU
		{470931A2-D411-4D2D-9165-2A802AD88500}.Release|Any CPU.ActiveCfg = Release|Any CPU
		{470931A2-D411-4D2D-9165-2A802AD88500}.Release|Any CPU.Build.0 = Release|Any CPU
	EndGlobalSection
	GlobalSection(SolutionProperties) = preSolution
		HideSolutionNode = FALSE
	EndGlobalSection
	GlobalSection(ExtensibilityGlobals) = postSolution
		SolutionGuid = {D25E1B46-08D5-4932-9081-D2C323B479AE}
	EndGlobalSection
EndGlobal
